<?xml version="1.0" encoding="utf-8"?>
<Project ToolsVersion="4.0" xmlns="http://schemas.microsoft.com/developer/msbuild/2003">
  <ItemGroup>
    <ClCompile Include="Render\Camera.cpp">
      <Filter>Render</Filter>
    </ClCompile>
    <ClCompile Include="Render\Render.cpp">
      <Filter>Render</Filter>
    </ClCompile>
    <ClCompile Include="RenderUtils.cpp" />
    <ClCompile Include="main.cpp" />
    <ClCompile Include="callbacks.cpp" />
    <ClCompile Include="Vector3D.cpp" />
    <ClCompile Include="Particle.cpp" />
    <ClCompile Include="Projectile.cpp" />
    <ClCompile Include="ParticleForceRegistry.cpp" />
    <ClCompile Include="GravityForceGenerator.cpp" />
    <ClCompile Include="WindForceGenerator.cpp" />
    <ClCompile Include="WhirlwindForceGenerator.cpp" />
    <ClCompile Include="ExplosionForceGenerator.cpp" />
    <ClCompile Include="SpringForceGenerator.cpp" />
    <ClCompile Include="AnchoredSpringFG.cpp" />
    <ClCompile Include="BuoyancyForceGenerator.cpp" />
    <ClCompile Include="RigidBody.cpp" />
    <ClCompile Include="RigidSystem.cpp" />
    <ClCompile Include="RigidForceRegistry.cpp" />
    <ClCompile Include="Actor.cpp" />
    <ClCompile Include="ActorSystem.cpp" />
    <ClCompile Include="ActorForceRegistry.cpp" />
    <ClCompile Include="Frogger\Frogger.cpp">
      <Filter>Frogger</Filter>
    </ClCompile>
    <ClCompile Include="Frogger\GameScene.cpp">
      <Filter>Frogger</Filter>
    </ClCompile>
    <ClCompile Include="Frogger\Platform.cpp" />
    <ClCompile Include="Frogger\Goal.cpp">
      <Filter>Frogger</Filter>
    </ClCompile>
    <ClCompile Include="Frogger\Car.cpp">
      <Filter>Frogger</Filter>
    </ClCompile>
    <ClCompile Include="Frogger\Enemy.cpp">
      <Filter>Frogger</Filter>
    </ClCompile>
    <ClCompile Include="Frogger\Dock.cpp">
      <Filter>Frogger</Filter>
    </ClCompile>
  </ItemGroup>
  <ItemGroup>
    <ClInclude Include="core.hpp" />
    <ClInclude Include="Render\Camera.h">
      <Filter>Render</Filter>
    </ClInclude>
    <ClInclude Include="Render\Render.h">
      <Filter>Render</Filter>
    </ClInclude>
    <ClInclude Include="RenderUtils.hpp" />
    <ClInclude Include="callbacks.hpp" />
    <ClInclude Include="Vector3D.h" />
    <ClInclude Include="Particle.h" />
    <ClInclude Include="Projectile.h" />
    <ClInclude Include="ForceGenerator.h" />
    <ClInclude Include="ParticleForceRegistry.h" />
    <ClInclude Include="GravityForceGenerator.h" />
    <ClInclude Include="WindForceGenerator.h" />
    <ClInclude Include="WhirlwindForceGenerator.h" />
    <ClInclude Include="ExplosionForceGenerator.h" />
    <ClInclude Include="SpringForceGenerator.h" />
    <ClInclude Include="AnchoredSpringFG.h" />
    <ClInclude Include="BuoyancyForceGenerator.h" />
    <ClInclude Include="RigidBody.h" />
    <ClInclude Include="RigidSystem.h" />
    <ClInclude Include="RigidForceRegistry.h" />
    <ClInclude Include="Actor.h" />
    <ClInclude Include="ActorSystem.h" />
    <ClInclude Include="ActorForceRegistry.h" />
    <ClInclude Include="Frogger\Frogger.h">
      <Filter>Frogger</Filter>
    </ClInclude>
    <ClInclude Include="Frogger\GameScene.h">
      <Filter>Frogger</Filter>
    </ClInclude>
    <ClInclude Include="Frogger\Platform.h" />
    <ClInclude Include="Frogger\Goal.h">
      <Filter>Frogger</Filter>
    </ClInclude>
    <ClInclude Include="Frogger\Car.h">
      <Filter>Frogger</Filter>
    </ClInclude>
    <ClInclude Include="Frogger\Enemy.h">
      <Filter>Frogger</Filter>
    </ClInclude>
    <ClInclude Include="Frogger\Dock.h">
      <Filter>Frogger</Filter>
    </ClInclude>
  </ItemGroup>
  <ItemGroup>
    <Filter Include="Render">
      <UniqueIdentifier>{d04b4f9f-5a69-465e-8070-25c6d0bcd3c2}</UniqueIdentifier>
    </Filter>
    <Filter Include="Frogger">
      <UniqueIdentifier>{22de4c44-4041-47aa-97f0-cc99c60fe96d}</UniqueIdentifier>
    </Filter>
  </ItemGroup>
</Project>